
Microsoft Visual Studio Solution File, Format Version 12.00
# Visual Studio Version 17
VisualStudioVersion = 17.0.32014.148
MinimumVisualStudioVersion = 10.0.40219.1
Project("{FAE04EC0-301F-11D3-BF4B-00C04F79EFBC}") = "Socket_Server", "Socket_Server\Socket_Server.csproj", "{18C132C3-0CBC-4255-93A1-9D44CD3E800F}"
EndProject
Global
	GlobalSection(SolutionConfigurationPlatforms) = preSolution
		Debug|Any CPU = Debug|Any CPU
		Release|Any CPU = Release|Any CPU
	EndGlobalSection
	GlobalSection(ProjectConfigurationPlatforms) = postSolution
		{18C132C3-0CBC-4255-93A1-9D44CD3E800F}.Debug|Any CPU.ActiveCfg = Debug|Any CPU
		{18C132C3-0CBC-4255-93A1-9D44CD3E800F}.Debug|Any CPU.Build.0 = Debug|Any CPU
		{18C132C3-0CBC-4255-93A1-9D44CD3E800F}.Release|Any CPU.ActiveCfg = Release|Any CPU
		{18C132C3-0CBC-4255-93A1-9D44CD3E800F}.Release|Any CPU.Build.0 = Release|Any CPU
	EndGlobalSection
	GlobalSection(SolutionProperties) = preSolution
		HideSolutionNode = FALSE
	EndGlobalSection
	GlobalSection(ExtensibilityGlobals) = postSolution
		SolutionGuid = {E6410920-670D-41C3-B896-07318A68959B}
	EndGlobalSection
EndGlobal
